PODS:
  - device_info_plus (0.0.1):
    - Flutter
  - Flutter (1.0.0)
  - flutter_local_notifications (0.0.1):
    - Flutter
  - path_provider_foundation (0.0.1):
    - Flutter
    - FlutterMacOS
  - sqlite3 (3.47.0):
    - sqlite3/common (= 3.47.0)
  - sqlite3/common (3.47.0)
  - sqlite3/dbstatvtab (3.47.0):
    - sqlite3/common
  - sqlite3/fts5 (3.47.0):
    - sqlite3/common
  - sqlite3/perf-threadsafe (3.47.0):
    - sqlite3/common
  - sqlite3/rtree (3.47.0):
    - sqlite3/common
  - sqlite3_flutter_libs (0.0.1):
    - Flutter
    - sqlite3 (~> 3.47.0)
    - sqlite3/dbstatvtab
    - sqlite3/fts5
    - sqlite3/perf-threadsafe
    - sqlite3/rtree

DEPENDENCIES:
  - device_info_plus (from `.symlinks/plugins/device_info_plus/ios`)
  - Flutter (from `Flutter`)
  - flutter_local_notifications (from `.symlinks/plugins/flutter_local_notifications/ios`)
  - path_provider_foundation (from `.symlinks/plugins/path_provider_foundation/darwin`)
  - sqlite3_flutter_libs (from `.symlinks/plugins/sqlite3_flutter_libs/ios`)

SPEC REPOS:
  trunk:
    - sqlite3

EXTERNAL SOURCES:
  device_info_plus:
    :path: ".symlinks/plugins/device_info_plus/ios"
  Flutter:
    :path: Flutter
  flutter_local_notifications:
    :path: ".symlinks/plugins/flutter_local_notifications/ios"
  path_provider_foundation:
    :path: ".symlinks/plugins/path_provider_foundation/darwin"
  sqlite3_flutter_libs:
    :path: ".symlinks/plugins/sqlite3_flutter_libs/ios"

SPEC CHECKSUMS:
  device_info_plus: bf2e3232933866d73fe290f2942f2156cdd10342
  Flutter: e0871f40cf51350855a761d2e70bf5af5b9b5de7
  flutter_local_notifications: df98d66e515e1ca797af436137b4459b160ad8c9
  path_provider_foundation: 2b6b4c569c0fb62ec74538f866245ac84301af46
  sqlite3: 0aa20658a9b238a3b1ff7175eb7bdd863b0ab4fd
  sqlite3_flutter_libs: b55ef23cfafea5318ae5081e0bf3fbbce8417c94

PODFILE CHECKSUM: 819463e6a0290f5a72f145ba7cde16e8b6ef0796

COCOAPODS: 1.15.2
